
Microsoft Visual Studio Solution File, Format Version 12.00
# Visual Studio 15
VisualStudioVersion = 15.0.27703.2018
MinimumVisualStudioVersion = 10.0.40219.1
Project("{FAE04EC0-301F-11D3-BF4B-00C04F79EFBC}") = "2018_Level2_Dodge", "2018_Level2_Dodge\2018_Level2_Dodge.csproj", "{3DF77018-385E-4357-971F-AD963F12A40F}"
EndProject
Global
	GlobalSection(SolutionConfigurationPlatforms) = preSolution
		Debug|Any CPU = Debug|Any CPU
		Release|Any CPU = Release|Any CPU
	EndGlobalSection
	GlobalSection(ProjectConfigurationPlatforms) = postSolution
		{3DF77018-385E-4357-971F-AD963F12A40F}.Debug|Any CPU.ActiveCfg = Debug|Any CPU
		{3DF77018-385E-4357-971F-AD963F12A40F}.Debug|Any CPU.Build.0 = Debug|Any CPU
		{3DF77018-385E-4357-971F-AD963F12A40F}.Release|Any CPU.ActiveCfg = Release|Any CPU
		{3DF77018-385E-4357-971F-AD963F12A40F}.Release|Any CPU.Build.0 = Release|Any CPU
	EndGlobalSection
	GlobalSection(SolutionProperties) = preSolution
		HideSolutionNode = FALSE
	EndGlobalSection
	GlobalSection(ExtensibilityGlobals) = postSolution
		SolutionGuid = {539B23F5-B508-4CCA-9BA6-7DACFE67406E}
	EndGlobalSection
EndGlobal
